
Microsoft Visual Studio Solution File, Format Version 12.00
# Visual Studio Version 16
VisualStudioVersion = 16.0.30711.63
MinimumVisualStudioVersion = 10.0.40219.1
Project("{FAE04EC0-301F-11D3-BF4B-00C04F79EFBC}") = "MyFirstProject", "MyFirstProject\MyFirstProject.csproj", "{B049F071-0876-4398-9D28-191BC9278C67}"
EndProject
Global
	GlobalSection(SolutionConfigurationPlatforms) = preSolution
		Debug|Any CPU = Debug|Any CPU
		Release|Any CPU = Release|Any CPU
	EndGlobalSection
	GlobalSection(ProjectConfigurationPlatforms) = postSolution
		{B049F071-0876-4398-9D28-191BC9278C67}.Debug|Any CPU.ActiveCfg = Debug|Any CPU
		{B049F071-0876-4398-9D28-191BC9278C67}.Debug|Any CPU.Build.0 = Debug|Any CPU
		{B049F071-0876-4398-9D28-191BC9278C67}.Release|Any CPU.ActiveCfg = Release|Any CPU
		{B049F071-0876-4398-9D28-191BC9278C67}.Release|Any CPU.Build.0 = Release|Any CPU
	EndGlobalSection
	GlobalSection(SolutionProperties) = preSolution
		HideSolutionNode = FALSE
	EndGlobalSection
	GlobalSection(ExtensibilityGlobals) = postSolution
		SolutionGuid = {F86B3F6E-628C-44E1-AF93-2629FEA36C5E}
	EndGlobalSection
EndGlobal
